{
  "name": "vuedrag",
  "version": "1.0.0",
  "lockfileVersion": 1,
  "requires": true,
  "dependencies": {
    "async-validator": {
      "version": "1.8.5",
      "resolved": "https://registry.npm.taobao.org/async-validator/download/async-validator-1.8.5.tgz",
      "integrity": "sha1-3D4I7B/Q3dtn5ghC8CwM0c7G1/A=",
      "requires": {
        "babel-runtime": "6.x"
      }
    },
    "babel-helper-vue-jsx-merge-props": {
      "version": "2.0.3",
      "resolved": "https://registry.npm.taobao.org/babel-helper-vue-jsx-merge-props/download/babel-helper-vue-jsx-merge-props-2.0.3.tgz",
      "integrity": "sha1-Iq69OzOQIyjlEyk6jkmSs4T58bY="
    },
    "babel-runtime": {
      "version": "6.26.0",
      "resolved": "https://registry.npm.taobao.org/babel-runtime/download/babel-runtime-6.26.0.tgz",
      "integrity": "sha1-llxwWGaOgrVde/4E/yM3vItWR/4=",
      "requires": {
        "core-js": "^2.4.0",
        "regenerator-runtime": "^0.11.0"
      }
    },
    "core-js": {
      "version": "2.6.9",
      "resolved": "https://registry.npm.taobao.org/core-js/download/core-js-2.6.9.tgz?cache=0&sync_timestamp=1565612695976&other_urls=https%3A%2F%2Fregistry.npm.taobao.org%2Fcore-js%2Fdownload%2Fcore-js-2.6.9.tgz",
      "integrity": "sha1-a0shRiDINBUuF5Mjcn/Bl0GwhPI="
    },
    "deepmerge": {
      "version": "1.5.2",
      "resolved": "https://registry.npm.taobao.org/deepmerge/download/deepmerge-1.5.2.tgz",
      "integrity": "sha1-EEmdhohEza1P7ghC34x/bwyVp1M="
    },
    "echarts": {
      "version": "4.2.1",
      "resolved": "https://registry.npm.taobao.org/echarts/download/echarts-4.2.1.tgz",
      "integrity": "sha1-mo6jsDNU+G+CTZdiXDNM8Wll7wM=",
      "requires": {
        "zrender": "4.0.7"
      },
      "dependencies": {
        "zrender": {
          "version": "4.0.7",
          "resolved": "https://registry.npm.taobao.org/zrender/download/zrender-4.0.7.tgz?cache=0&sync_timestamp=1567177494058&other_urls=https%3A%2F%2Fregistry.npm.taobao.org%2Fzrender%2Fdownload%2Fzrender-4.0.7.tgz",
          "integrity": "sha1-Fa6WCCL17+1BCZXTflEH/j3hDm0="
        }
      }
    },
    "element-ui": {
      "version": "2.12.0",
      "resolved": "https://registry.npm.taobao.org/element-ui/download/element-ui-2.12.0.tgz",
      "integrity": "sha1-qJO8Ea5Pfbt+nVQWBvI+ZD8THuQ=",
      "requires": {
        "async-validator": "~1.8.1",
        "babel-helper-vue-jsx-merge-props": "^2.0.0",
        "deepmerge": "^1.2.0",
        "normalize-wheel": "^1.0.1",
        "resize-observer-polyfill": "^1.5.0",
        "throttle-debounce": "^1.0.1"
      }
    },
    "normalize-wheel": {
      "version": "1.0.1",
      "resolved": "https://registry.npm.taobao.org/normalize-wheel/download/normalize-wheel-1.0.1.tgz",
      "integrity": "sha1-rsiGr/2wRQcNhWRH32Ls+GFG7EU="
    },
    "regenerator-runtime": {
      "version": "0.11.1",
      "resolved": "https://registry.npm.taobao.org/regenerator-runtime/download/regenerator-runtime-0.11.1.tgz",
      "integrity": "sha1-vgWtf5v30i4Fb5cmzuUBf78Z4uk="
    },
    "resize-observer-polyfill": {
      "version": "1.5.1",
      "resolved": "https://registry.npm.taobao.org/resize-observer-polyfill/download/resize-observer-polyfill-1.5.1.tgz",
      "integrity": "sha1-DpAg3T0hAkRY1OvSfiPkAmmBBGQ="
    },
    "sortablejs": {
      "version": "1.10.0",
      "resolved": "https://registry.npm.taobao.org/sortablejs/download/sortablejs-1.10.0.tgz?cache=0&sync_timestamp=1568574892335&other_urls=https%3A%2F%2Fregistry.npm.taobao.org%2Fsortablejs%2Fdownload%2Fsortablejs-1.10.0.tgz",
      "integrity": "sha1-DrwFSs/ySGVpGUovl1srFF3V59Y="
    },
    "throttle-debounce": {
      "version": "1.1.0",
      "resolved": "https://registry.npm.taobao.org/throttle-debounce/download/throttle-debounce-1.1.0.tgz",
      "integrity": "sha1-UYU9o3vmihVctugns1FKPEIuic0="
    },
    "vue-drag-resize": {
      "version": "1.3.2",
      "resolved": "https://registry.npm.taobao.org/vue-drag-resize/download/vue-drag-resize-1.3.2.tgz",
      "integrity": "sha1-mRMqmXRsh45FlvrQjTbJj2BJMKM="
    },
    "vuedraggable": {
      "version": "2.23.0",
      "resolved": "https://registry.npm.taobao.org/vuedraggable/download/vuedraggable-2.23.0.tgz?cache=0&other_urls=https%3A%2F%2Fregistry.npm.taobao.org%2Fvuedraggable%2Fdownload%2Fvuedraggable-2.23.0.tgz",
      "integrity": "sha1-H0paYBZ1pdvw2W7mGuv/+kNEUmI=",
      "requires": {
        "sortablejs": "^1.9.0"
      }
    }
  }
}
