# THIS IS AN AUTOGENERATED FILE. DO NOT EDIT THIS FILE DIRECTLY.
# yarn lockfile v1


abs@^1.2.1:
  version "1.3.13"
  resolved "https://registry.npm.taobao.org/abs/download/abs-1.3.13.tgz#a495e086d51fc1ef4fd3a30ac56c895d98435f1b"
  integrity sha1-pJXghtUfwe9P06MKxWyJXZhDXxs=
  dependencies:
    ul "^5.0.0"

ajv-keywords@^3.4.1:
  version "3.4.1"
  resolved "https://registry.npm.taobao.org/ajv-keywords/download/ajv-keywords-3.4.1.tgz#ef916e271c64ac12171fd8384eaae6b2345854da"
  integrity sha1-75FuJxxkrBIXH9g4TqrmsjRYVNo=

ajv@^6.10.2:
  version "6.10.2"
  resolved "https://registry.npm.taobao.org/ajv/download/ajv-6.10.2.tgz#d3cea04d6b017b2894ad69040fec8b623eb4bd52"
  integrity sha1-086gTWsBeyiUrWkED+yLYj60vVI=
  dependencies:
    fast-deep-equal "^2.0.1"
    fast-json-stable-stringify "^2.0.0"
    json-schema-traverse "^0.4.1"
    uri-js "^4.2.2"

anymatch@~3.1.1:
  version "3.1.1"
  resolved "https://registry.npm.taobao.org/anymatch/download/anymatch-3.1.1.tgz?cache=0&sync_timestamp=1569898504984&other_urls=https%3A%2F%2Fregistry.npm.taobao.org%2Fanymatch%2Fdownload%2Fanymatch-3.1.1.tgz#c55ecf02185e2469259399310c173ce31233b142"
  integrity sha1-xV7PAhheJGklk5kxDBc84xIzsUI=
  dependencies:
    normalize-path "^3.0.0"
    picomatch "^2.0.4"

async-validator@~1.8.1:
  version "1.8.5"
  resolved "https://registry.npm.taobao.org/async-validator/download/async-validator-1.8.5.tgz#dc3e08ec1fd0dddb67e60842f02c0cd1cec6d7f0"
  integrity sha1-3D4I7B/Q3dtn5ghC8CwM0c7G1/A=
  dependencies:
    babel-runtime "6.x"

babel-helper-vue-jsx-merge-props@^2.0.0:
  version "2.0.3"
  resolved "https://registry.npm.taobao.org/babel-helper-vue-jsx-merge-props/download/babel-helper-vue-jsx-merge-props-2.0.3.tgz#22aebd3b33902328e513293a8e4992b384f9f1b6"
  integrity sha1-Iq69OzOQIyjlEyk6jkmSs4T58bY=

babel-runtime@6.x:
  version "6.26.0"
  resolved "https://registry.npm.taobao.org/babel-runtime/download/babel-runtime-6.26.0.tgz#965c7058668e82b55d7bfe04ff2337bc8b5647fe"
  integrity sha1-llxwWGaOgrVde/4E/yM3vItWR/4=
  dependencies:
    core-js "^2.4.0"
    regenerator-runtime "^0.11.0"

big.js@^5.2.2:
  version "5.2.2"
  resolved "https://registry.npm.taobao.org/big.js/download/big.js-5.2.2.tgz#65f0af382f578bcdc742bd9c281e9cb2d7768328"
  integrity sha1-ZfCvOC9Xi83HQr2cKB6cstd2gyg=

binary-extensions@^2.0.0:
  version "2.0.0"
  resolved "https://registry.npm.taobao.org/binary-extensions/download/binary-extensions-2.0.0.tgz#23c0df14f6a88077f5f986c0d167ec03c3d5537c"
  integrity sha1-I8DfFPaogHf1+YbA0WfsA8PVU3w=

braces@~3.0.2:
  version "3.0.2"
  resolved "https://registry.npm.taobao.org/braces/download/braces-3.0.2.tgz#3454e1a462ee8d599e236df336cd9ea4f8afe107"
  integrity sha1-NFThpGLujVmeI23zNs2epPiv4Qc=
  dependencies:
    fill-range "^7.0.1"

capture-stack-trace@^1.0.0:
  version "1.0.1"
  resolved "https://registry.npm.taobao.org/capture-stack-trace/download/capture-stack-trace-1.0.1.tgz#a6c0bbe1f38f3aa0b92238ecb6ff42c344d4135d"
  integrity sha1-psC74fOPOqC5Ijjstv9Cw0TUE10=

"chokidar@>=2.0.0 <4.0.0":
  version "3.2.1"
  resolved "https://registry.npm.taobao.org/chokidar/download/chokidar-3.2.1.tgz?cache=0&sync_timestamp=1569943672514&other_urls=https%3A%2F%2Fregistry.npm.taobao.org%2Fchokidar%2Fdownload%2Fchokidar-3.2.1.tgz#4634772a1924512d990d4505957bf3a510611387"
  integrity sha1-RjR3KhkkUS2ZDUUFlXvzpRBhE4c=
  dependencies:
    anymatch "~3.1.1"
    braces "~3.0.2"
    glob-parent "~5.1.0"
    is-binary-path "~2.1.0"
    is-glob "~4.0.1"
    normalize-path "~3.0.0"
    readdirp "~3.1.3"
  optionalDependencies:
    fsevents "~2.1.0"

clone-deep@^4.0.1:
  version "4.0.1"
  resolved "https://registry.npm.taobao.org/clone-deep/download/clone-deep-4.0.1.tgz#c19fd9bdbbf85942b4fd979c84dcf7d5f07c2387"
  integrity sha1-wZ/Zvbv4WUK0/ZechNz31fB8I4c=
  dependencies:
    is-plain-object "^2.0.4"
    kind-of "^6.0.2"
    shallow-clone "^3.0.0"

core-js@^2.4.0:
  version "2.6.9"
  resolved "https://registry.npm.taobao.org/core-js/download/core-js-2.6.9.tgz#6b4b214620c834152e179323727fc19741b084f2"
  integrity sha1-a0shRiDINBUuF5Mjcn/Bl0GwhPI=

core-util-is@~1.0.0:
  version "1.0.2"
  resolved "https://registry.npm.taobao.org/core-util-is/download/core-util-is-1.0.2.tgz#b5fd54220aa2bc5ab57aab7140c940754503c1a7"
  integrity sha1-tf1UIgqivFq1eqtxQMlAdUUDwac=

create-error-class@^3.0.1:
  version "3.0.2"
  resolved "https://registry.npm.taobao.org/create-error-class/download/create-error-class-3.0.2.tgz#06be7abef947a3f14a30fd610671d401bca8b7b6"
  integrity sha1-Br56vvlHo/FKMP1hBnHUAbyot7Y=
  dependencies:
    capture-stack-trace "^1.0.0"

deep-extend@^0.6.0:
  version "0.6.0"
  resolved "https://registry.npm.taobao.org/deep-extend/download/deep-extend-0.6.0.tgz#c4fa7c95404a17a9c3e8ca7e1537312b736330ac"
  integrity sha1-xPp8lUBKF6nD6Mp+FTcxK3NjMKw=

deepmerge@^1.2.0:
  version "1.5.2"
  resolved "https://registry.npm.taobao.org/deepmerge/download/deepmerge-1.5.2.tgz#10499d868844cdad4fee0842df8c7f6f0c95a753"
  integrity sha1-EEmdhohEza1P7ghC34x/bwyVp1M=

deffy@^2.2.1, deffy@^2.2.2:
  version "2.2.3"
  resolved "https://registry.npm.taobao.org/deffy/download/deffy-2.2.3.tgz#16671c969a8fc447c76dd6bb0d265dd2d1b9c361"
  integrity sha1-FmcclpqPxEfHbda7DSZd0tG5w2E=
  dependencies:
    typpy "^2.0.0"

duplexer2@^0.1.4:
  version "0.1.4"
  resolved "https://registry.npm.taobao.org/duplexer2/download/duplexer2-0.1.4.tgz#8b12dab878c0d69e3e7891051662a32fc6bddcc1"
  integrity sha1-ixLauHjA1p4+eJEFFmKjL8a93ME=
  dependencies:
    readable-stream "^2.0.2"

echarts@^4.2.1:
  version "4.3.0"
  resolved "https://registry.npm.taobao.org/echarts/download/echarts-4.3.0.tgz#3728c2b5e8f277898f7299b4fe1cfc537170abd5"
  integrity sha1-NyjCtejyd4mPcpm0/hz8U3Fwq9U=
  dependencies:
    zrender "4.1.0"

element-ui@^2.12.0:
  version "2.12.0"
  resolved "https://registry.npm.taobao.org/element-ui/download/element-ui-2.12.0.tgz?cache=0&sync_timestamp=1567063332107&other_urls=https%3A%2F%2Fregistry.npm.taobao.org%2Felement-ui%2Fdownload%2Felement-ui-2.12.0.tgz#a893bc11ae4f7dbb7e9d541606f23e643f131ee4"
  integrity sha1-qJO8Ea5Pfbt+nVQWBvI+ZD8THuQ=
  dependencies:
    async-validator "~1.8.1"
    babel-helper-vue-jsx-merge-props "^2.0.0"
    deepmerge "^1.2.0"
    normalize-wheel "^1.0.1"
    resize-observer-polyfill "^1.5.0"
    throttle-debounce "^1.0.1"

emojis-list@^2.0.0:
  version "2.1.0"
  resolved "https://registry.npm.taobao.org/emojis-list/download/emojis-list-2.1.0.tgz#4daa4d9db00f9819880c79fa457ae5b09a1fd389"
  integrity sha1-TapNnbAPmBmIDHn6RXrlsJof04k=

err@^1.1.1:
  version "1.1.1"
  resolved "https://registry.npm.taobao.org/err/download/err-1.1.1.tgz#eb928e2e11a316648f782833d0f97258ba43c2f8"
  integrity sha1-65KOLhGjFmSPeCgz0PlyWLpDwvg=
  dependencies:
    typpy "^2.2.0"

error-ex@^1.2.0:
  version "1.3.2"
  resolved "https://registry.npm.taobao.org/error-ex/download/error-ex-1.3.2.tgz#b4ac40648107fdcdcfae242f428bea8a14d4f1bf"
  integrity sha1-tKxAZIEH/c3PriQvQovqihTU8b8=
  dependencies:
    is-arrayish "^0.2.1"

exec-limiter@^3.0.0:
  version "3.2.12"
  resolved "https://registry.npm.taobao.org/exec-limiter/download/exec-limiter-3.2.12.tgz#8957ee926ee1f3b5a0954325408aef8561aecb50"
  integrity sha1-iVfukm7h87WglUMlQIrvhWGuy1A=
  dependencies:
    limit-it "^3.0.0"
    typpy "^2.1.0"

fast-deep-equal@^2.0.1:
  version "2.0.1"
  resolved "https://registry.npm.taobao.org/fast-deep-equal/download/fast-deep-equal-2.0.1.tgz?cache=0&sync_timestamp=1567672506822&other_urls=https%3A%2F%2Fregistry.npm.taobao.org%2Ffast-deep-equal%2Fdownload%2Ffast-deep-equal-2.0.1.tgz#7b05218ddf9667bf7f370bf7fdb2cb15fdd0aa49"
  integrity sha1-ewUhjd+WZ79/Nwv3/bLLFf3Qqkk=

fast-json-stable-stringify@^2.0.0:
  version "2.0.0"
  resolved "https://registry.npm.taobao.org/fast-json-stable-stringify/download/fast-json-stable-stringify-2.0.0.tgz#d5142c0caee6b1189f87d3a76111064f86c8bbf2"
  integrity sha1-1RQsDK7msRifh9OnYREGT4bIu/I=

fill-range@^7.0.1:
  version "7.0.1"
  resolved "https://registry.npm.taobao.org/fill-range/download/fill-range-7.0.1.tgz#1919a6a7c75fe38b2c7c77e5198535da9acdda40"
  integrity sha1-GRmmp8df44ssfHflGYU12prN2kA=
  dependencies:
    to-regex-range "^5.0.1"

fsevents@~2.1.0:
  version "2.1.0"
  resolved "https://registry.npm.taobao.org/fsevents/download/fsevents-2.1.0.tgz?cache=0&sync_timestamp=1569891513638&other_urls=https%3A%2F%2Fregistry.npm.taobao.org%2Ffsevents%2Fdownload%2Ffsevents-2.1.0.tgz#ce1a5f9ac71c6d75278b0c5bd236d7dfece4cbaa"
  integrity sha1-zhpfmsccbXUniwxb0jbX3+zky6o=

function.name@^1.0.3:
  version "1.0.12"
  resolved "https://registry.npm.taobao.org/function.name/download/function.name-1.0.12.tgz#34eec84476d9fb67977924a4cdcb98ec85695726"
  integrity sha1-NO7IRHbZ+2eXeSSkzcuY7IVpVyY=
  dependencies:
    noop6 "^1.0.1"

git-package-json@^1.4.0:
  version "1.4.9"
  resolved "https://registry.npm.taobao.org/git-package-json/download/git-package-json-1.4.9.tgz#5386d9e62e97d8b9390fd4d4000872516e3b3552"
  integrity sha1-U4bZ5i6X2Lk5D9TUAAhyUW47NVI=
  dependencies:
    deffy "^2.2.1"
    err "^1.1.1"
    gry "^5.0.0"
    normalize-package-data "^2.3.5"
    oargv "^3.4.1"
    one-by-one "^3.1.0"
    r-json "^1.2.1"
    r-package-json "^1.0.0"
    tmp "0.0.28"

git-source@^1.1.0:
  version "1.1.9"
  resolved "https://registry.npm.taobao.org/git-source/download/git-source-1.1.9.tgz#c5a0aeb2e2be31a2dcacc856eb3c92b77baa3d87"
  integrity sha1-xaCusuK+MaLcrMhW6zySt3uqPYc=
  dependencies:
    git-url-parse "^5.0.1"

git-up@^1.0.0:
  version "1.2.1"
  resolved "https://registry.npm.taobao.org/git-up/download/git-up-1.2.1.tgz#264480a006b1d84261ac1fe09a3a5169c57ea19d"
  integrity sha1-JkSAoAax2EJhrB/gmjpRacV+oZ0=
  dependencies:
    is-ssh "^1.0.0"
    parse-url "^1.0.0"

git-url-parse@^5.0.1:
  version "5.0.1"
  resolved "https://registry.npm.taobao.org/git-url-parse/download/git-url-parse-5.0.1.tgz#fe3d79c6746ae05048cfa508c81e79dddbba3843"
  integrity sha1-/j15xnRq4FBIz6UIyB553du6OEM=
  dependencies:
    git-up "^1.0.0"

glob-parent@~5.1.0:
  version "5.1.0"
  resolved "https://registry.npm.taobao.org/glob-parent/download/glob-parent-5.1.0.tgz#5f4c1d1e748d30cd73ad2944b3577a81b081e8c2"
  integrity sha1-X0wdHnSNMM1zrSlEs1d6gbCB6MI=
  dependencies:
    is-glob "^4.0.1"

got@^5.0.0:
  version "5.7.1"
  resolved "https://registry.npm.taobao.org/got/download/got-5.7.1.tgz#5f81635a61e4a6589f180569ea4e381680a51f35"
  integrity sha1-X4FjWmHkplifGAVp6k44FoClHzU=
  dependencies:
    create-error-class "^3.0.1"
    duplexer2 "^0.1.4"
    is-redirect "^1.0.0"
    is-retry-allowed "^1.0.0"
    is-stream "^1.0.0"
    lowercase-keys "^1.0.0"
    node-status-codes "^1.0.0"
    object-assign "^4.0.1"
    parse-json "^2.1.0"
    pinkie-promise "^2.0.0"
    read-all-stream "^3.0.0"
    readable-stream "^2.0.5"
    timed-out "^3.0.0"
    unzip-response "^1.0.2"
    url-parse-lax "^1.0.0"

gry@^5.0.0:
  version "5.0.8"
  resolved "https://registry.npm.taobao.org/gry/download/gry-5.0.8.tgz#73c0d246fba4ce6e7924779670088a7d67222e7a"
  integrity sha1-c8DSRvukzm55JHeWcAiKfWciLno=
  dependencies:
    abs "^1.2.1"
    exec-limiter "^3.0.0"
    one-by-one "^3.0.0"
    ul "^5.0.0"

hosted-git-info@^2.1.4:
  version "2.8.4"
  resolved "https://registry.npm.taobao.org/hosted-git-info/download/hosted-git-info-2.8.4.tgz#44119abaf4bc64692a16ace34700fed9c03e2546"
  integrity sha1-RBGauvS8ZGkqFqzjRwD+2cA+JUY=

inherits@~2.0.3:
  version "2.0.4"
  resolved "https://registry.npm.taobao.org/inherits/download/inherits-2.0.4.tgz#0fa2c64f932917c3433a0ded55363aae37416b7c"
  integrity sha1-D6LGT5MpF8NDOg3tVTY6rjdBa3w=

ini@~1.3.0:
  version "1.3.5"
  resolved "https://registry.npm.taobao.org/ini/download/ini-1.3.5.tgz#eee25f56db1c9ec6085e0c22778083f596abf927"
  integrity sha1-7uJfVtscnsYIXgwid4CD9Zar+Sc=

is-arrayish@^0.2.1:
  version "0.2.1"
  resolved "https://registry.npm.taobao.org/is-arrayish/download/is-arrayish-0.2.1.tgz#77c99840527aa8ecb1a8ba697b80645a7a926a9d"
  integrity sha1-d8mYQFJ6qOyxqLppe4BkWnqSap0=

is-binary-path@~2.1.0:
  version "2.1.0"
  resolved "https://registry.npm.taobao.org/is-binary-path/download/is-binary-path-2.1.0.tgz#ea1f7f3b80f064236e83470f86c09c254fb45b09"
  integrity sha1-6h9/O4DwZCNug0cPhsCcJU+0Wwk=
  dependencies:
    binary-extensions "^2.0.0"

is-extglob@^2.1.1:
  version "2.1.1"
  resolved "https://registry.npm.taobao.org/is-extglob/download/is-extglob-2.1.1.tgz#a88c02535791f02ed37c76a1b9ea9773c833f8c2"
  integrity sha1-qIwCU1eR8C7TfHahueqXc8gz+MI=

is-glob@^4.0.1, is-glob@~4.0.1:
  version "4.0.1"
  resolved "https://registry.npm.taobao.org/is-glob/download/is-glob-4.0.1.tgz#7567dbe9f2f5e2467bc77ab83c4a29482407a5dc"
  integrity sha1-dWfb6fL14kZ7x3q4PEopSCQHpdw=
  dependencies:
    is-extglob "^2.1.1"

is-number@^7.0.0:
  version "7.0.0"
  resolved "https://registry.npm.taobao.org/is-number/download/is-number-7.0.0.tgz#7535345b896734d5f80c4d06c50955527a14f12b"
  integrity sha1-dTU0W4lnNNX4DE0GxQlVUnoU8Ss=

is-plain-object@^2.0.4:
  version "2.0.4"
  resolved "https://registry.npm.taobao.org/is-plain-object/download/is-plain-object-2.0.4.tgz#2c163b3fafb1b606d9d17928f05c2a1c38e07677"
  integrity sha1-LBY7P6+xtgbZ0Xko8FwqHDjgdnc=
  dependencies:
    isobject "^3.0.1"

is-redirect@^1.0.0:
  version "1.0.0"
  resolved "https://registry.npm.taobao.org/is-redirect/download/is-redirect-1.0.0.tgz#1d03dded53bd8db0f30c26e4f95d36fc7c87dc24"
  integrity sha1-HQPd7VO9jbDzDCbk+V02/HyH3CQ=

is-retry-allowed@^1.0.0:
  version "1.2.0"
  resolved "https://registry.npm.taobao.org/is-retry-allowed/download/is-retry-allowed-1.2.0.tgz#d778488bd0a4666a3be8a1482b9f2baafedea8b4"
  integrity sha1-13hIi9CkZmo76KFIK58rqv7eqLQ=

is-ssh@^1.0.0, is-ssh@^1.3.0:
  version "1.3.1"
  resolved "https://registry.npm.taobao.org/is-ssh/download/is-ssh-1.3.1.tgz#f349a8cadd24e65298037a522cf7520f2e81a0f3"
  integrity sha1-80moyt0k5lKYA3pSLPdSDy6BoPM=
  dependencies:
    protocols "^1.1.0"

is-stream@^1.0.0:
  version "1.1.0"
  resolved "https://registry.npm.taobao.org/is-stream/download/is-stream-1.1.0.tgz#12d4a3dd4e68e0b79ceb8dbc84173ae80d91ca44"
  integrity sha1-EtSj3U5o4Lec6428hBc66A2RykQ=

isarray@~1.0.0:
  version "1.0.0"
  resolved "https://registry.npm.taobao.org/isarray/download/isarray-1.0.0.tgz#bb935d48582cba168c06834957a54a3e07124f11"
  integrity sha1-u5NdSFgsuhaMBoNJV6VKPgcSTxE=

isobject@^3.0.1:
  version "3.0.1"
  resolved "https://registry.npm.taobao.org/isobject/download/isobject-3.0.1.tgz#4e431e92b11a9731636aa1f9c8d1ccbcfdab78df"
  integrity sha1-TkMekrEalzFjaqH5yNHMvP2reN8=

iterate-object@^1.1.0:
  version "1.3.3"
  resolved "https://registry.npm.taobao.org/iterate-object/download/iterate-object-1.3.3.tgz#c58e60f7f0caefa2d382027a484b215988a7a296"
  integrity sha1-xY5g9/DK76LTggJ6SEshWYinopY=

json-schema-traverse@^0.4.1:
  version "0.4.1"
  resolved "https://registry.npm.taobao.org/json-schema-traverse/download/json-schema-traverse-0.4.1.tgz#69f6a87d9513ab8bb8fe63bdb0979c448e684660"
  integrity sha1-afaofZUTq4u4/mO9sJecRI5oRmA=

json5@^1.0.1:
  version "1.0.1"
  resolved "https://registry.npm.taobao.org/json5/download/json5-1.0.1.tgz#779fb0018604fa854eacbf6252180d83543e3dbe"
  integrity sha1-d5+wAYYE+oVOrL9iUhgNg1Q+Pb4=
  dependencies:
    minimist "^1.2.0"

kind-of@^6.0.2:
  version "6.0.2"
  resolved "https://registry.npm.taobao.org/kind-of/download/kind-of-6.0.2.tgz#01146b36a6218e64e58f3a8d66de5d7fc6f6d051"
  integrity sha1-ARRrNqYhjmTljzqNZt5df8b20FE=

limit-it@^3.0.0:
  version "3.2.9"
  resolved "https://registry.npm.taobao.org/limit-it/download/limit-it-3.2.9.tgz#bf4bb2fb435217c512a7177791b4bdf8a855f282"
  integrity sha1-v0uy+0NSF8USpxd3kbS9+KhV8oI=
  dependencies:
    typpy "^2.0.0"

loader-utils@^1.2.3:
  version "1.2.3"
  resolved "https://registry.npm.taobao.org/loader-utils/download/loader-utils-1.2.3.tgz#1ff5dc6911c9f0a062531a4c04b609406108c2c7"
  integrity sha1-H/XcaRHJ8KBiUxpMBLYJQGEIwsc=
  dependencies:
    big.js "^5.2.2"
    emojis-list "^2.0.0"
    json5 "^1.0.1"

lowercase-keys@^1.0.0:
  version "1.0.1"
  resolved "https://registry.npm.taobao.org/lowercase-keys/download/lowercase-keys-1.0.1.tgz#6f9e30b47084d971a7c820ff15a6c5167b74c26f"
  integrity sha1-b54wtHCE2XGnyCD/FabFFnt0wm8=

minimist@^1.2.0:
  version "1.2.0"
  resolved "https://registry.npm.taobao.org/minimist/download/minimist-1.2.0.tgz#a35008b20f41383eec1fb914f4cd5df79a264284"
  integrity sha1-o1AIsg9BOD7sH7kU9M1d95omQoQ=

neo-async@^2.6.1:
  version "2.6.1"
  resolved "https://registry.npm.taobao.org/neo-async/download/neo-async-2.6.1.tgz#ac27ada66167fa8849a6addd837f6b189ad2081c"
  integrity sha1-rCetpmFn+ohJpq3dg39rGJrSCBw=

node-status-codes@^1.0.0:
  version "1.0.0"
  resolved "https://registry.npm.taobao.org/node-status-codes/download/node-status-codes-1.0.0.tgz#5ae5541d024645d32a58fcddc9ceecea7ae3ac2f"
  integrity sha1-WuVUHQJGRdMqWPzdyc7s6nrjrC8=

noop6@^1.0.1:
  version "1.0.8"
  resolved "https://registry.npm.taobao.org/noop6/download/noop6-1.0.8.tgz#eff06e2e5b3621e9e5618f389d6a2294f76e64ad"
  integrity sha1-7/BuLls2IenlYY84nWoilPduZK0=

normalize-package-data@^2.3.5:
  version "2.5.0"
  resolved "https://registry.npm.taobao.org/normalize-package-data/download/normalize-package-data-2.5.0.tgz#e66db1838b200c1dfc233225d12cb36520e234a8"
  integrity sha1-5m2xg4sgDB38IzIl0SyzZSDiNKg=
  dependencies:
    hosted-git-info "^2.1.4"
    resolve "^1.10.0"
    semver "2 || 3 || 4 || 5"
    validate-npm-package-license "^3.0.1"

normalize-path@^3.0.0, normalize-path@~3.0.0:
  version "3.0.0"
  resolved "https://registry.npm.taobao.org/normalize-path/download/normalize-path-3.0.0.tgz#0dcd69ff23a1c9b11fd0978316644a0388216a65"
  integrity sha1-Dc1p/yOhybEf0JeDFmRKA4ghamU=

normalize-wheel@^1.0.1:
  version "1.0.1"
  resolved "https://registry.npm.taobao.org/normalize-wheel/download/normalize-wheel-1.0.1.tgz#aec886affdb045070d856447df62ecf86146ec45"
  integrity sha1-rsiGr/2wRQcNhWRH32Ls+GFG7EU=

oargv@^3.4.1:
  version "3.4.9"
  resolved "https://registry.npm.taobao.org/oargv/download/oargv-3.4.9.tgz#f49d09473ef74d14530b2bc0977d88018014e207"
  integrity sha1-9J0JRz73TRRTCyvAl32IAYAU4gc=
  dependencies:
    iterate-object "^1.1.0"
    ul "^5.0.0"

obj-def@^1.0.0:
  version "1.0.7"
  resolved "https://registry.npm.taobao.org/obj-def/download/obj-def-1.0.7.tgz#6ceb66fc4664dc260b7777d06173066573850661"
  integrity sha1-bOtm/EZk3CYLd3fQYXMGZXOFBmE=
  dependencies:
    deffy "^2.2.2"

object-assign@^4.0.1:
  version "4.1.1"
  resolved "https://registry.npm.taobao.org/object-assign/download/object-assign-4.1.1.tgz#2109adc7965887cfc05cbbd442cac8bfbb360863"
  integrity sha1-IQmtx5ZYh8/AXLvUQsrIv7s2CGM=

one-by-one@^3.0.0, one-by-one@^3.1.0:
  version "3.2.7"
  resolved "https://registry.npm.taobao.org/one-by-one/download/one-by-one-3.2.7.tgz#16400cfdeb52cda4ccc7e67361808f1938602150"
  integrity sha1-FkAM/etSzaTMx+ZzYYCPGThgIVA=
  dependencies:
    obj-def "^1.0.0"
    sliced "^1.0.1"

os-tmpdir@~1.0.1:
  version "1.0.2"
  resolved "https://registry.npm.taobao.org/os-tmpdir/download/os-tmpdir-1.0.2.tgz#bbe67406c79aa85c5cfec766fe5734555dfa1274"
  integrity sha1-u+Z0BseaqFxc/sdm/lc0VV36EnQ=

package-json-path@^1.0.0:
  version "1.0.8"
  resolved "https://registry.npm.taobao.org/package-json-path/download/package-json-path-1.0.8.tgz#2ce9ce41843e913df00d4b670fea1084b712b5ed"
  integrity sha1-LOnOQYQ+kT3wDUtnD+oQhLcSte0=
  dependencies:
    abs "^1.2.1"

package-json@^2.3.1:
  version "2.4.0"
  resolved "https://registry.npm.taobao.org/package-json/download/package-json-2.4.0.tgz#0d15bd67d1cbbddbb2ca222ff2edb86bcb31a8bb"
  integrity sha1-DRW9Z9HLvduyyiIv8u24a8sxqLs=
  dependencies:
    got "^5.0.0"
    registry-auth-token "^3.0.1"
    registry-url "^3.0.3"
    semver "^5.1.0"

package.json@^2.0.1:
  version "2.0.1"
  resolved "https://registry.npm.taobao.org/package.json/download/package.json-2.0.1.tgz#f886059d2a49ed076e64883695d73b2b46d21d6d"
  integrity sha1-+IYFnSpJ7QduZIg2ldc7K0bSHW0=
  dependencies:
    git-package-json "^1.4.0"
    git-source "^1.1.0"
    package-json "^2.3.1"

parse-json@^2.1.0:
  version "2.2.0"
  resolved "https://registry.npm.taobao.org/parse-json/download/parse-json-2.2.0.tgz#f480f40434ef80741f8469099f8dea18f55a4dc9"
  integrity sha1-9ID0BDTvgHQfhGkJn43qGPVaTck=
  dependencies:
    error-ex "^1.2.0"

parse-url@^1.0.0:
  version "1.3.11"
  resolved "https://registry.npm.taobao.org/parse-url/download/parse-url-1.3.11.tgz#57c15428ab8a892b1f43869645c711d0e144b554"
  integrity sha1-V8FUKKuKiSsfQ4aWRccR0OFEtVQ=
  dependencies:
    is-ssh "^1.3.0"
    protocols "^1.4.0"

path-parse@^1.0.6:
  version "1.0.6"
  resolved "https://registry.npm.taobao.org/path-parse/download/path-parse-1.0.6.tgz#d62dbb5679405d72c4737ec58600e9ddcf06d24c"
  integrity sha1-1i27VnlAXXLEc37FhgDp3c8G0kw=

picomatch@^2.0.4:
  version "2.0.7"
  resolved "https://registry.npm.taobao.org/picomatch/download/picomatch-2.0.7.tgz#514169d8c7cd0bdbeecc8a2609e34a7163de69f6"
  integrity sha1-UUFp2MfNC9vuzIomCeNKcWPeafY=

pinkie-promise@^2.0.0:
  version "2.0.1"
  resolved "https://registry.npm.taobao.org/pinkie-promise/download/pinkie-promise-2.0.1.tgz#2135d6dfa7a358c069ac9b178776288228450ffa"
  integrity sha1-ITXW36ejWMBprJsXh3YogihFD/o=
  dependencies:
    pinkie "^2.0.0"

pinkie@^2.0.0:
  version "2.0.4"
  resolved "https://registry.npm.taobao.org/pinkie/download/pinkie-2.0.4.tgz#72556b80cfa0d48a974e80e77248e80ed4f7f870"
  integrity sha1-clVrgM+g1IqXToDnckjoDtT3+HA=

prepend-http@^1.0.1:
  version "1.0.4"
  resolved "https://registry.npm.taobao.org/prepend-http/download/prepend-http-1.0.4.tgz#d4f4562b0ce3696e41ac52d0e002e57a635dc6dc"
  integrity sha1-1PRWKwzjaW5BrFLQ4ALlemNdxtw=

process-nextick-args@~2.0.0:
  version "2.0.1"
  resolved "https://registry.npm.taobao.org/process-nextick-args/download/process-nextick-args-2.0.1.tgz#7820d9b16120cc55ca9ae7792680ae7dba6d7fe2"
  integrity sha1-eCDZsWEgzFXKmud5JoCufbptf+I=

protocols@^1.1.0, protocols@^1.4.0:
  version "1.4.7"
  resolved "https://registry.npm.taobao.org/protocols/download/protocols-1.4.7.tgz#95f788a4f0e979b291ffefcf5636ad113d037d32"
  integrity sha1-lfeIpPDpebKR/+/PVjatET0DfTI=

punycode@^2.1.0:
  version "2.1.1"
  resolved "https://registry.npm.taobao.org/punycode/download/punycode-2.1.1.tgz#b58b010ac40c22c5657616c8d2c2c02c7bf479ec"
  integrity sha1-tYsBCsQMIsVldhbI0sLALHv0eew=

r-json@^1.2.1:
  version "1.2.9"
  resolved "https://registry.npm.taobao.org/r-json/download/r-json-1.2.9.tgz#0637da3485b0b4492e9ffae85796f8b2f373f600"
  integrity sha1-BjfaNIWwtEkun/roV5b4svNz9gA=

r-package-json@^1.0.0:
  version "1.0.8"
  resolved "https://registry.npm.taobao.org/r-package-json/download/r-package-json-1.0.8.tgz#cdcb1f9994e920a1ede6cc9ce474e839b30794ef"
  integrity sha1-zcsfmZTpIKHt5syc5HToObMHlO8=
  dependencies:
    package-json-path "^1.0.0"
    r-json "^1.2.1"

rc@^1.0.1, rc@^1.1.6:
  version "1.2.8"
  resolved "https://registry.npm.taobao.org/rc/download/rc-1.2.8.tgz#cd924bf5200a075b83c188cd6b9e211b7fc0d3ed"
  integrity sha1-zZJL9SAKB1uDwYjNa54hG3/A0+0=
  dependencies:
    deep-extend "^0.6.0"
    ini "~1.3.0"
    minimist "^1.2.0"
    strip-json-comments "~2.0.1"

read-all-stream@^3.0.0:
  version "3.1.0"
  resolved "https://registry.npm.taobao.org/read-all-stream/download/read-all-stream-3.1.0.tgz#35c3e177f2078ef789ee4bfafa4373074eaef4fa"
  integrity sha1-NcPhd/IHjveJ7kv6+kNzB06u9Po=
  dependencies:
    pinkie-promise "^2.0.0"
    readable-stream "^2.0.0"

readable-stream@^2.0.0, readable-stream@^2.0.2, readable-stream@^2.0.5:
  version "2.3.6"
  resolved "https://registry.npm.taobao.org/readable-stream/download/readable-stream-2.3.6.tgz#b11c27d88b8ff1fbe070643cf94b0c79ae1b0aaf"
  integrity sha1-sRwn2IuP8fvgcGQ8+UsMea4bCq8=
  dependencies:
    core-util-is "~1.0.0"
    inherits "~2.0.3"
    isarray "~1.0.0"
    process-nextick-args "~2.0.0"
    safe-buffer "~5.1.1"
    string_decoder "~1.1.1"
    util-deprecate "~1.0.1"

readdirp@~3.1.3:
  version "3.1.3"
  resolved "https://registry.npm.taobao.org/readdirp/download/readdirp-3.1.3.tgz#d6e011ed5b9240a92f08651eeb40f7942ceb6cc1"
  integrity sha1-1uAR7VuSQKkvCGUe60D3lCzrbME=
  dependencies:
    picomatch "^2.0.4"

regenerator-runtime@^0.11.0:
  version "0.11.1"
  resolved "https://registry.npm.taobao.org/regenerator-runtime/download/regenerator-runtime-0.11.1.tgz#be05ad7f9bf7d22e056f9726cee5017fbf19e2e9"
  integrity sha1-vgWtf5v30i4Fb5cmzuUBf78Z4uk=

registry-auth-token@^3.0.1:
  version "3.4.0"
  resolved "https://registry.npm.taobao.org/registry-auth-token/download/registry-auth-token-3.4.0.tgz#d7446815433f5d5ed6431cd5dca21048f66b397e"
  integrity sha1-10RoFUM/XV7WQxzV3KIQSPZrOX4=
  dependencies:
    rc "^1.1.6"
    safe-buffer "^5.0.1"

registry-url@^3.0.3:
  version "3.1.0"
  resolved "https://registry.npm.taobao.org/registry-url/download/registry-url-3.1.0.tgz#3d4ef870f73dde1d77f0cf9a381432444e174942"
  integrity sha1-PU74cPc93h138M+aOBQyRE4XSUI=
  dependencies:
    rc "^1.0.1"

resize-observer-polyfill@^1.5.0:
  version "1.5.1"
  resolved "https://registry.npm.taobao.org/resize-observer-polyfill/download/resize-observer-polyfill-1.5.1.tgz#0e9020dd3d21024458d4ebd27e23e40269810464"
  integrity sha1-DpAg3T0hAkRY1OvSfiPkAmmBBGQ=

resolve@^1.10.0:
  version "1.12.0"
  resolved "https://registry.npm.taobao.org/resolve/download/resolve-1.12.0.tgz#3fc644a35c84a48554609ff26ec52b66fa577df6"
  integrity sha1-P8ZEo1yEpIVUYJ/ybsUrZvpXffY=
  dependencies:
    path-parse "^1.0.6"

safe-buffer@^5.0.1:
  version "5.2.0"
  resolved "https://registry.npm.taobao.org/safe-buffer/download/safe-buffer-5.2.0.tgz#b74daec49b1148f88c64b68d49b1e815c1f2f519"
  integrity sha1-t02uxJsRSPiMZLaNSbHoFcHy9Rk=

safe-buffer@~5.1.0, safe-buffer@~5.1.1:
  version "5.1.2"
  resolved "https://registry.npm.taobao.org/safe-buffer/download/safe-buffer-5.1.2.tgz#991ec69d296e0313747d59bdfd2b745c35f8828d"
  integrity sha1-mR7GnSluAxN0fVm9/St0XDX4go0=

sass-loader@^8.0.0:
  version "8.0.0"
  resolved "https://registry.npm.taobao.org/sass-loader/download/sass-loader-8.0.0.tgz#e7b07a3e357f965e6b03dd45b016b0a9746af797"
  integrity sha1-57B6PjV/ll5rA91FsBawqXRq95c=
  dependencies:
    clone-deep "^4.0.1"
    loader-utils "^1.2.3"
    neo-async "^2.6.1"
    schema-utils "^2.1.0"
    semver "^6.3.0"

sass@^1.23.0:
  version "1.23.0"
  resolved "https://registry.npm.taobao.org/sass/download/sass-1.23.0.tgz#bd526ff40dbc5d09a4ed69e2cffa849749977710"
  integrity sha1-vVJv9A28XQmk7Wniz/qEl0mXdxA=
  dependencies:
    chokidar ">=2.0.0 <4.0.0"

schema-utils@^2.1.0:
  version "2.4.1"
  resolved "https://registry.npm.taobao.org/schema-utils/download/schema-utils-2.4.1.tgz?cache=0&sync_timestamp=1569583399169&other_urls=https%3A%2F%2Fregistry.npm.taobao.org%2Fschema-utils%2Fdownload%2Fschema-utils-2.4.1.tgz#e89ade5d056dc8bcaca377574bb4a9c4e1b8be56"
  integrity sha1-6JreXQVtyLyso3dXS7SpxOG4vlY=
  dependencies:
    ajv "^6.10.2"
    ajv-keywords "^3.4.1"

"semver@2 || 3 || 4 || 5", semver@^5.1.0:
  version "5.7.1"
  resolved "https://registry.npm.taobao.org/semver/download/semver-5.7.1.tgz?cache=0&other_urls=https%3A%2F%2Fregistry.npm.taobao.org%2Fsemver%2Fdownload%2Fsemver-5.7.1.tgz#a954f931aeba508d307bbf069eff0c01c96116f7"
  integrity sha1-qVT5Ma66UI0we78Gnv8MAclhFvc=

semver@^6.3.0:
  version "6.3.0"
  resolved "https://registry.npm.taobao.org/semver/download/semver-6.3.0.tgz?cache=0&other_urls=https%3A%2F%2Fregistry.npm.taobao.org%2Fsemver%2Fdownload%2Fsemver-6.3.0.tgz#ee0a64c8af5e8ceea67687b133761e1becbd1d3d"
  integrity sha1-7gpkyK9ejO6mdoexM3YeG+y9HT0=

shallow-clone@^3.0.0:
  version "3.0.1"
  resolved "https://registry.npm.taobao.org/shallow-clone/download/shallow-clone-3.0.1.tgz#8f2981ad92531f55035b01fb230769a40e02efa3"
  integrity sha1-jymBrZJTH1UDWwH7IwdppA4C76M=
  dependencies:
    kind-of "^6.0.2"

sliced@^1.0.1:
  version "1.0.1"
  resolved "https://registry.npm.taobao.org/sliced/download/sliced-1.0.1.tgz#0b3a662b5d04c3177b1926bea82b03f837a2ef41"
  integrity sha1-CzpmK10Ewxd7GSa+qCsD+Dei70E=

sortablejs@^1.10.1:
  version "1.10.1"
  resolved "https://registry.npm.taobao.org/sortablejs/download/sortablejs-1.10.1.tgz#3d52b00f871be00f00f84d99a60d120bf3dfe52c"
  integrity sha1-PVKwD4cb4A8A+E2Zpg0SC/Pf5Sw=

spdx-correct@^3.0.0:
  version "3.1.0"
  resolved "https://registry.npm.taobao.org/spdx-correct/download/spdx-correct-3.1.0.tgz#fb83e504445268f154b074e218c87c003cd31df4"
  integrity sha1-+4PlBERSaPFUsHTiGMh8ADzTHfQ=
  dependencies:
    spdx-expression-parse "^3.0.0"
    spdx-license-ids "^3.0.0"

spdx-exceptions@^2.1.0:
  version "2.2.0"
  resolved "https://registry.npm.taobao.org/spdx-exceptions/download/spdx-exceptions-2.2.0.tgz#2ea450aee74f2a89bfb94519c07fcd6f41322977"
  integrity sha1-LqRQrudPKom/uUUZwH/Nb0EyKXc=

spdx-expression-parse@^3.0.0:
  version "3.0.0"
  resolved "https://registry.npm.taobao.org/spdx-expression-parse/download/spdx-expression-parse-3.0.0.tgz#99e119b7a5da00e05491c9fa338b7904823b41d0"
  integrity sha1-meEZt6XaAOBUkcn6M4t5BII7QdA=
  dependencies:
    spdx-exceptions "^2.1.0"
    spdx-license-ids "^3.0.0"

spdx-license-ids@^3.0.0:
  version "3.0.5"
  resolved "https://registry.npm.taobao.org/spdx-license-ids/download/spdx-license-ids-3.0.5.tgz#3694b5804567a458d3c8045842a6358632f62654"
  integrity sha1-NpS1gEVnpFjTyARYQqY1hjL2JlQ=

string_decoder@~1.1.1:
  version "1.1.1"
  resolved "https://registry.npm.taobao.org/string_decoder/download/string_decoder-1.1.1.tgz#9cf1611ba62685d7030ae9e4ba34149c3af03fc8"
  integrity sha1-nPFhG6YmhdcDCunkujQUnDrwP8g=
  dependencies:
    safe-buffer "~5.1.0"

strip-json-comments@~2.0.1:
  version "2.0.1"
  resolved "https://registry.npm.taobao.org/strip-json-comments/download/strip-json-comments-2.0.1.tgz#3c531942e908c2697c0ec344858c286c7ca0a60a"
  integrity sha1-PFMZQukIwml8DsNEhYwobHygpgo=

throttle-debounce@^1.0.1:
  version "1.1.0"
  resolved "https://registry.npm.taobao.org/throttle-debounce/download/throttle-debounce-1.1.0.tgz#51853da37be68a155cb6e827b3514a3c422e89cd"
  integrity sha1-UYU9o3vmihVctugns1FKPEIuic0=

timed-out@^3.0.0:
  version "3.1.3"
  resolved "https://registry.npm.taobao.org/timed-out/download/timed-out-3.1.3.tgz#95860bfcc5c76c277f8f8326fd0f5b2e20eba217"
  integrity sha1-lYYL/MXHbCd/j4Mm/Q9bLiDrohc=

tmp@0.0.28:
  version "0.0.28"
  resolved "https://registry.npm.taobao.org/tmp/download/tmp-0.0.28.tgz#172735b7f614ea7af39664fa84cf0de4e515d120"
  integrity sha1-Fyc1t/YU6nrzlmT6hM8N5OUV0SA=
  dependencies:
    os-tmpdir "~1.0.1"

to-regex-range@^5.0.1:
  version "5.0.1"
  resolved "https://registry.npm.taobao.org/to-regex-range/download/to-regex-range-5.0.1.tgz#1648c44aae7c8d988a326018ed72f5b4dd0392e4"
  integrity sha1-FkjESq58jZiKMmAY7XL1tN0DkuQ=
  dependencies:
    is-number "^7.0.0"

typpy@^2.0.0, typpy@^2.1.0, typpy@^2.2.0, typpy@^2.3.4:
  version "2.3.11"
  resolved "https://registry.npm.taobao.org/typpy/download/typpy-2.3.11.tgz#21a0d22c96fb646306e08b6c669ad43608e1b3b9"
  integrity sha1-IaDSLJb7ZGMG4ItsZprUNgjhs7k=
  dependencies:
    function.name "^1.0.3"

ul@^5.0.0:
  version "5.2.14"
  resolved "https://registry.npm.taobao.org/ul/download/ul-5.2.14.tgz#560abd28d0f9762010b0e7a84a56e7208166f61a"
  integrity sha1-Vgq9KND5diAQsOeoSlbnIIFm9ho=
  dependencies:
    deffy "^2.2.2"
    typpy "^2.3.4"

unzip-response@^1.0.2:
  version "1.0.2"
  resolved "https://registry.npm.taobao.org/unzip-response/download/unzip-response-1.0.2.tgz#b984f0877fc0a89c2c773cc1ef7b5b232b5b06fe"
  integrity sha1-uYTwh3/AqJwsdzzB73tbIytbBv4=

uri-js@^4.2.2:
  version "4.2.2"
  resolved "https://registry.npm.taobao.org/uri-js/download/uri-js-4.2.2.tgz#94c540e1ff772956e2299507c010aea6c8838eb0"
  integrity sha1-lMVA4f93KVbiKZUHwBCupsiDjrA=
  dependencies:
    punycode "^2.1.0"

url-parse-lax@^1.0.0:
  version "1.0.0"
  resolved "https://registry.npm.taobao.org/url-parse-lax/download/url-parse-lax-1.0.0.tgz#7af8f303645e9bd79a272e7a14ac68bc0609da73"
  integrity sha1-evjzA2Rem9eaJy56FKxovAYJ2nM=
  dependencies:
    prepend-http "^1.0.1"

util-deprecate@~1.0.1:
  version "1.0.2"
  resolved "https://registry.npm.taobao.org/util-deprecate/download/util-deprecate-1.0.2.tgz#450d4dc9fa70de732762fbd2d4a28981419a0ccf"
  integrity sha1-RQ1Nyfpw3nMnYvvS1KKJgUGaDM8=

validate-npm-package-license@^3.0.1:
  version "3.0.4"
  resolved "https://registry.npm.taobao.org/validate-npm-package-license/download/validate-npm-package-license-3.0.4.tgz#fc91f6b9c7ba15c857f4cb2c5defeec39d4f410a"
  integrity sha1-/JH2uce6FchX9MssXe/uw51PQQo=
  dependencies:
    spdx-correct "^3.0.0"
    spdx-expression-parse "^3.0.0"

vue-drag-resize@^1.3.2:
  version "1.3.2"
  resolved "https://registry.npm.taobao.org/vue-drag-resize/download/vue-drag-resize-1.3.2.tgz#99132a99746c878e4596fad08d36c98f604930a3"
  integrity sha1-mRMqmXRsh45FlvrQjTbJj2BJMKM=

vuedraggable@^2.23.0:
  version "2.23.2"
  resolved "https://registry.npm.taobao.org/vuedraggable/download/vuedraggable-2.23.2.tgz#0d95d7fdf4f02f56755a26b3c9dca5c7ca9cfa72"
  integrity sha1-DZXX/fTwL1Z1Wiazydylx8qc+nI=
  dependencies:
    sortablejs "^1.10.1"

zrender@4.1.0:
  version "4.1.0"
  resolved "https://registry.npm.taobao.org/zrender/download/zrender-4.1.0.tgz#866ab97d0744c473d9b314ac5a89e7207c140608"
  integrity sha1-hmq5fQdExHPZsxSsWonnIHwUBgg=
